
Microsoft Visual Studio Solution File, Format Version 11.00
# Visual Studio 2010
Project("{FAE04EC0-301F-11D3-BF4B-00C04F79EFBC}") = "BitlySharpSample.iOS", "BitlySharpSample.iOS.csproj", "{32A1EDFE-2B3E-47B5-8877-9AF5FBADD70D}"
EndProject
Project("{FAE04EC0-301F-11D3-BF4B-00C04F79EFBC}") = "Bitly-sharp.iOS", "..\..\src\Bitly-sharp.iOS.csproj", "{0FDF181B-23CA-444B-84C5-FBE63506ADED}"
EndProject
Global
	GlobalSection(SolutionConfigurationPlatforms) = preSolution
		Debug|iPhoneSimulator = Debug|iPhoneSimulator
		Release|iPhoneSimulator = Release|iPhoneSimulator
		Debug|iPhone = Debug|iPhone
		Release|iPhone = Release|iPhone
	EndGlobalSection
	GlobalSection(ProjectConfigurationPlatforms) = postSolution
		{0FDF181B-23CA-444B-84C5-FBE63506ADED}.Debug|iPhone.ActiveCfg = Debug|Any CPU
		{0FDF181B-23CA-444B-84C5-FBE63506ADED}.Debug|iPhone.Build.0 = Debug|Any CPU
		{0FDF181B-23CA-444B-84C5-FBE63506ADED}.Debug|iPhoneSimulator.ActiveCfg = Debug|Any CPU
		{0FDF181B-23CA-444B-84C5-FBE63506ADED}.Debug|iPhoneSimulator.Build.0 = Debug|Any CPU
		{0FDF181B-23CA-444B-84C5-FBE63506ADED}.Release|iPhone.ActiveCfg = Release|Any CPU
		{0FDF181B-23CA-444B-84C5-FBE63506ADED}.Release|iPhone.Build.0 = Release|Any CPU
		{0FDF181B-23CA-444B-84C5-FBE63506ADED}.Release|iPhoneSimulator.ActiveCfg = Release|Any CPU
		{0FDF181B-23CA-444B-84C5-FBE63506ADED}.Release|iPhoneSimulator.Build.0 = Release|Any CPU
		{32A1EDFE-2B3E-47B5-8877-9AF5FBADD70D}.Debug|iPhone.ActiveCfg = Debug|iPhone
		{32A1EDFE-2B3E-47B5-8877-9AF5FBADD70D}.Debug|iPhone.Build.0 = Debug|iPhone
		{32A1EDFE-2B3E-47B5-8877-9AF5FBADD70D}.Debug|iPhoneSimulator.ActiveCfg = Debug|iPhoneSimulator
		{32A1EDFE-2B3E-47B5-8877-9AF5FBADD70D}.Debug|iPhoneSimulator.Build.0 = Debug|iPhoneSimulator
		{32A1EDFE-2B3E-47B5-8877-9AF5FBADD70D}.Release|iPhone.ActiveCfg = Release|iPhone
		{32A1EDFE-2B3E-47B5-8877-9AF5FBADD70D}.Release|iPhone.Build.0 = Release|iPhone
		{32A1EDFE-2B3E-47B5-8877-9AF5FBADD70D}.Release|iPhoneSimulator.ActiveCfg = Release|iPhoneSimulator
		{32A1EDFE-2B3E-47B5-8877-9AF5FBADD70D}.Release|iPhoneSimulator.Build.0 = Release|iPhoneSimulator
	EndGlobalSection
	GlobalSection(MonoDevelopProperties) = preSolution
		StartupItem = BitlySharpSample.iOS.csproj
	EndGlobalSection
EndGlobal
